# This file is automatically @generated by Cargo.
# It is not intended for manual editing.
version = 4

[[package]]
name = "gestur"
version = "0.1.0"
dependencies = [
 "gestur-api-types",
 "gestur-core",
 "gestur-crypto-types",
 "gestur-events",
 "gestur-policy",
 "gestur-schema",
 "gestur-testkit",
 "gestur-workflow",
]

[[package]]
name = "gestur-api-types"
version = "0.1.0"
dependencies = [
 "gestur-core",
 "gestur-policy",
]

[[package]]
name = "gestur-core"
version = "0.1.0"

[[package]]
name = "gestur-crypto-types"
version = "0.1.0"

[[package]]
name = "gestur-events"
version = "0.1.0"
dependencies = [
 "gestur-core",
]

[[package]]
name = "gestur-policy"
version = "0.1.0"
dependencies = [
 "gestur-core",
]

[[package]]
name = "gestur-schema"
version = "0.1.0"
dependencies = [
 "gestur-core",
]

[[package]]
name = "gestur-testkit"
version = "0.1.0"
dependencies = [
 "gestur-core",
]

[[package]]
name = "gestur-workflow"
version = "0.1.0"
dependencies = [
 "gestur-core",
 "gestur-schema",
]
